
Microsoft Visual Studio Solution File, Format Version 12.00
# Visual Studio Version 16
VisualStudioVersion = 16.0.32228.343
MinimumVisualStudioVersion = 10.0.40219.1
Project("{FAE04EC0-301F-11D3-BF4B-00C04F79EFBC}") = "PortableTerrariaLauncher", "PortableTerrariaLauncher\PortableTerrariaLauncher.csproj", "{DB171187-2EF8-42A0-89F2-C5FF641F4411}"
EndProject
Global
	GlobalSection(SolutionConfigurationPlatforms) = preSolution
		Debug|Any CPU = Debug|Any CPU
		Release|Any CPU = Release|Any CPU
	EndGlobalSection
	GlobalSection(ProjectConfigurationPlatforms) = postSolution
		{DB171187-2EF8-42A0-89F2-C5FF641F4411}.Debug|Any CPU.ActiveCfg = Debug|Any CPU
		{DB171187-2EF8-42A0-89F2-C5FF641F4411}.Debug|Any CPU.Build.0 = Debug|Any CPU
		{DB171187-2EF8-42A0-89F2-C5FF641F4411}.Release|Any CPU.ActiveCfg = Release|Any CPU
		{DB171187-2EF8-42A0-89F2-C5FF641F4411}.Release|Any CPU.Build.0 = Release|Any CPU
	EndGlobalSection
	GlobalSection(SolutionProperties) = preSolution
		HideSolutionNode = FALSE
	EndGlobalSection
	GlobalSection(ExtensibilityGlobals) = postSolution
		SolutionGuid = {2BBD8D8A-6D36-41AF-BAA1-AD5CFACF402E}
	EndGlobalSection
EndGlobal
