
Microsoft Visual Studio Solution File, Format Version 12.00
# Visual Studio Version 16
VisualStudioVersion = 16.0.32228.343
MinimumVisualStudioVersion = 10.0.40219.1
Project("{FAE04EC0-301F-11D3-BF4B-00C04F79EFBC}") = "PortableTerrariaCommon", "PortableTerrariaCommon\PortableTerrariaCommon.csproj", "{AFB76C63-9158-4CE9-8CFB-21DF06EE8FB9}"
EndProject
Global
	GlobalSection(SolutionConfigurationPlatforms) = preSolution
		Debug|Any CPU = Debug|Any CPU
		Release|Any CPU = Release|Any CPU
	EndGlobalSection
	GlobalSection(ProjectConfigurationPlatforms) = postSolution
		{AFB76C63-9158-4CE9-8CFB-21DF06EE8FB9}.Debug|Any CPU.ActiveCfg = Debug|Any CPU
		{AFB76C63-9158-4CE9-8CFB-21DF06EE8FB9}.Debug|Any CPU.Build.0 = Debug|Any CPU
		{AFB76C63-9158-4CE9-8CFB-21DF06EE8FB9}.Release|Any CPU.ActiveCfg = Release|Any CPU
		{AFB76C63-9158-4CE9-8CFB-21DF06EE8FB9}.Release|Any CPU.Build.0 = Release|Any CPU
	EndGlobalSection
	GlobalSection(SolutionProperties) = preSolution
		HideSolutionNode = FALSE
	EndGlobalSection
	GlobalSection(ExtensibilityGlobals) = postSolution
		SolutionGuid = {80AFC25F-AA34-428B-99E1-4C59C70D4FA5}
	EndGlobalSection
EndGlobal
